
Microsoft Visual Studio Solution File, Format Version 12.00
Project("{FAE04EC0-301F-11D3-BF4B-00C04F79EFBC}") = "SCP939Intercom", "SCP939Intercom\SCP939Intercom.csproj", "{A52D967A-4286-48F6-A607-2AA47B852C0A}"
EndProject
Global
	GlobalSection(SolutionConfigurationPlatforms) = preSolution
		Debug|Any CPU = Debug|Any CPU
		Release|Any CPU = Release|Any CPU
	EndGlobalSection
	GlobalSection(ProjectConfigurationPlatforms) = postSolution
		{A52D967A-4286-48F6-A607-2AA47B852C0A}.Debug|Any CPU.ActiveCfg = Debug|Any CPU
		{A52D967A-4286-48F6-A607-2AA47B852C0A}.Debug|Any CPU.Build.0 = Debug|Any CPU
		{A52D967A-4286-48F6-A607-2AA47B852C0A}.Release|Any CPU.ActiveCfg = Release|Any CPU
		{A52D967A-4286-48F6-A607-2AA47B852C0A}.Release|Any CPU.Build.0 = Release|Any CPU
	EndGlobalSection
EndGlobal
